
Microsoft Visual Studio Solution File, Format Version 12.00
# Visual Studio Version 17
VisualStudioVersion = 17.8.34330.188
MinimumVisualStudioVersion = 10.0.40219.1
Project("{9A19103F-16F7-4668-BE54-9A1E7A4F7556}") = "UserClient", "UserClient\UserClient.csproj", "{8D11834B-99A8-4B9D-9ABC-347F1E65C89B}"
EndProject
Project("{FAE04EC0-301F-11D3-BF4B-00C04F79EFBC}") = "AppTesting", "AppTesting\AppTesting.csproj", "{4DC2FFAC-7545-4EC0-9364-280EB2A9D391}"
EndProject
Project("{FAE04EC0-301F-11D3-BF4B-00C04F79EFBC}") = "server", "server\server.csproj", "{36A13381-5C62-48BF-813A-F3345D513ED5}"
EndProject
Project("{FAE04EC0-301F-11D3-BF4B-00C04F79EFBC}") = "change app", "change app\change app.csproj", "{DA243C16-A949-4DA2-8BA9-E3BCEF4BB8F8}"
EndProject
Global
	GlobalSection(SolutionConfigurationPlatforms) = preSolution
		Debug|Any CPU = Debug|Any CPU
		Release|Any CPU = Release|Any CPU
	EndGlobalSection
	GlobalSection(ProjectConfigurationPlatforms) = postSolution
		{8D11834B-99A8-4B9D-9ABC-347F1E65C89B}.Debug|Any CPU.ActiveCfg = Debug|Any CPU
		{8D11834B-99A8-4B9D-9ABC-347F1E65C89B}.Debug|Any CPU.Build.0 = Debug|Any CPU
		{8D11834B-99A8-4B9D-9ABC-347F1E65C89B}.Release|Any CPU.ActiveCfg = Release|Any CPU
		{8D11834B-99A8-4B9D-9ABC-347F1E65C89B}.Release|Any CPU.Build.0 = Release|Any CPU
		{4DC2FFAC-7545-4EC0-9364-280EB2A9D391}.Debug|Any CPU.ActiveCfg = Debug|Any CPU
		{4DC2FFAC-7545-4EC0-9364-280EB2A9D391}.Debug|Any CPU.Build.0 = Debug|Any CPU
		{4DC2FFAC-7545-4EC0-9364-280EB2A9D391}.Release|Any CPU.ActiveCfg = Release|Any CPU
		{4DC2FFAC-7545-4EC0-9364-280EB2A9D391}.Release|Any CPU.Build.0 = Release|Any CPU
		{36A13381-5C62-48BF-813A-F3345D513ED5}.Debug|Any CPU.ActiveCfg = Debug|Any CPU
		{36A13381-5C62-48BF-813A-F3345D513ED5}.Debug|Any CPU.Build.0 = Debug|Any CPU
		{36A13381-5C62-48BF-813A-F3345D513ED5}.Release|Any CPU.ActiveCfg = Release|Any CPU
		{36A13381-5C62-48BF-813A-F3345D513ED5}.Release|Any CPU.Build.0 = Release|Any CPU
		{DA243C16-A949-4DA2-8BA9-E3BCEF4BB8F8}.Debug|Any CPU.ActiveCfg = Debug|Any CPU
		{DA243C16-A949-4DA2-8BA9-E3BCEF4BB8F8}.Debug|Any CPU.Build.0 = Debug|Any CPU
		{DA243C16-A949-4DA2-8BA9-E3BCEF4BB8F8}.Release|Any CPU.ActiveCfg = Release|Any CPU
		{DA243C16-A949-4DA2-8BA9-E3BCEF4BB8F8}.Release|Any CPU.Build.0 = Release|Any CPU
	EndGlobalSection
	GlobalSection(SolutionProperties) = preSolution
		HideSolutionNode = FALSE
	EndGlobalSection
	GlobalSection(ExtensibilityGlobals) = postSolution
		SolutionGuid = {613E1403-F481-412D-80B9-B78260B4F96A}
	EndGlobalSection
EndGlobal
